
Microsoft Visual Studio Solution File, Format Version 12.00
# Visual Studio 15
Project("{FAE04EC0-301F-11D3-BF4B-00C04F79EFBC}") = "Homework10.Android", "Homework10.Android\Homework10.Android.csproj", "{BECB4C99-D2A9-4F44-9D45-22D6958E0613}"
EndProject
Project("{FAE04EC0-301F-11D3-BF4B-00C04F79EFBC}") = "Homework10.iOS", "Homework10.iOS\Homework10.iOS.csproj", "{5E03F5A5-EB50-4BF7-90A6-423812D66207}"
EndProject
Project("{FAE04EC0-301F-11D3-BF4B-00C04F79EFBC}") = "Homework10", "Homework10\Homework10.csproj", "{9B49B4D6-5F7A-4BDB-B096-79F6AEFE24AE}"
EndProject
Global
	GlobalSection(SolutionConfigurationPlatforms) = preSolution
		Debug|Any CPU = Debug|Any CPU
		Release|Any CPU = Release|Any CPU
		Debug|iPhoneSimulator = Debug|iPhoneSimulator
		Release|iPhoneSimulator = Release|iPhoneSimulator
		Debug|iPhone = Debug|iPhone
		Release|iPhone = Release|iPhone
	EndGlobalSection
	GlobalSection(ProjectConfigurationPlatforms) = postSolution
		{BECB4C99-D2A9-4F44-9D45-22D6958E0613}.Debug|Any CPU.ActiveCfg = Debug|Any CPU
		{BECB4C99-D2A9-4F44-9D45-22D6958E0613}.Debug|Any CPU.Build.0 = Debug|Any CPU
		{BECB4C99-D2A9-4F44-9D45-22D6958E0613}.Release|Any CPU.ActiveCfg = Release|Any CPU
		{BECB4C99-D2A9-4F44-9D45-22D6958E0613}.Release|Any CPU.Build.0 = Release|Any CPU
		{BECB4C99-D2A9-4F44-9D45-22D6958E0613}.Debug|iPhoneSimulator.ActiveCfg = Debug|Any CPU
		{BECB4C99-D2A9-4F44-9D45-22D6958E0613}.Debug|iPhoneSimulator.Build.0 = Debug|Any CPU
		{BECB4C99-D2A9-4F44-9D45-22D6958E0613}.Release|iPhoneSimulator.ActiveCfg = Release|Any CPU
		{BECB4C99-D2A9-4F44-9D45-22D6958E0613}.Release|iPhoneSimulator.Build.0 = Release|Any CPU
		{BECB4C99-D2A9-4F44-9D45-22D6958E0613}.Debug|iPhone.ActiveCfg = Debug|Any CPU
		{BECB4C99-D2A9-4F44-9D45-22D6958E0613}.Debug|iPhone.Build.0 = Debug|Any CPU
		{BECB4C99-D2A9-4F44-9D45-22D6958E0613}.Release|iPhone.ActiveCfg = Release|Any CPU
		{BECB4C99-D2A9-4F44-9D45-22D6958E0613}.Release|iPhone.Build.0 = Release|Any CPU
		{5E03F5A5-EB50-4BF7-90A6-423812D66207}.Debug|Any CPU.ActiveCfg = Debug|iPhoneSimulator
		{5E03F5A5-EB50-4BF7-90A6-423812D66207}.Debug|Any CPU.Build.0 = Debug|iPhoneSimulator
		{5E03F5A5-EB50-4BF7-90A6-423812D66207}.Release|Any CPU.ActiveCfg = Release|iPhoneSimulator
		{5E03F5A5-EB50-4BF7-90A6-423812D66207}.Release|Any CPU.Build.0 = Release|iPhoneSimulator
		{5E03F5A5-EB50-4BF7-90A6-423812D66207}.Debug|iPhoneSimulator.ActiveCfg = Debug|iPhoneSimulator
		{5E03F5A5-EB50-4BF7-90A6-423812D66207}.Debug|iPhoneSimulator.Build.0 = Debug|iPhoneSimulator
		{5E03F5A5-EB50-4BF7-90A6-423812D66207}.Release|iPhoneSimulator.ActiveCfg = Release|iPhoneSimulator
		{5E03F5A5-EB50-4BF7-90A6-423812D66207}.Release|iPhoneSimulator.Build.0 = Release|iPhoneSimulator
		{5E03F5A5-EB50-4BF7-90A6-423812D66207}.Debug|iPhone.ActiveCfg = Debug|iPhone
		{5E03F5A5-EB50-4BF7-90A6-423812D66207}.Debug|iPhone.Build.0 = Debug|iPhone
		{5E03F5A5-EB50-4BF7-90A6-423812D66207}.Release|iPhone.ActiveCfg = Release|iPhone
		{5E03F5A5-EB50-4BF7-90A6-423812D66207}.Release|iPhone.Build.0 = Release|iPhone
		{9B49B4D6-5F7A-4BDB-B096-79F6AEFE24AE}.Debug|Any CPU.ActiveCfg = Debug|Any CPU
		{9B49B4D6-5F7A-4BDB-B096-79F6AEFE24AE}.Debug|Any CPU.Build.0 = Debug|Any CPU
		{9B49B4D6-5F7A-4BDB-B096-79F6AEFE24AE}.Release|Any CPU.ActiveCfg = Release|Any CPU
		{9B49B4D6-5F7A-4BDB-B096-79F6AEFE24AE}.Release|Any CPU.Build.0 = Release|Any CPU
		{9B49B4D6-5F7A-4BDB-B096-79F6AEFE24AE}.Debug|iPhoneSimulator.ActiveCfg = Debug|Any CPU
		{9B49B4D6-5F7A-4BDB-B096-79F6AEFE24AE}.Debug|iPhoneSimulator.Build.0 = Debug|Any CPU
		{9B49B4D6-5F7A-4BDB-B096-79F6AEFE24AE}.Release|iPhoneSimulator.ActiveCfg = Release|Any CPU
		{9B49B4D6-5F7A-4BDB-B096-79F6AEFE24AE}.Release|iPhoneSimulator.Build.0 = Release|Any CPU
		{9B49B4D6-5F7A-4BDB-B096-79F6AEFE24AE}.Debug|iPhone.ActiveCfg = Debug|Any CPU
		{9B49B4D6-5F7A-4BDB-B096-79F6AEFE24AE}.Debug|iPhone.Build.0 = Debug|Any CPU
		{9B49B4D6-5F7A-4BDB-B096-79F6AEFE24AE}.Release|iPhone.ActiveCfg = Release|Any CPU
		{9B49B4D6-5F7A-4BDB-B096-79F6AEFE24AE}.Release|iPhone.Build.0 = Release|Any CPU
	EndGlobalSection
EndGlobal
